
Microsoft Visual Studio Solution File, Format Version 12.00
# Visual Studio Version 16
VisualStudioVersion = 16.0.29009.5
MinimumVisualStudioVersion = 10.0.40219.1
Project("{FAE04EC0-301F-11D3-BF4B-00C04F79EFBC}") = "Calculator", "Calculator\Calculator.csproj", "{2EA49EB3-0CFD-46FB-8910-F86617F421C5}"
EndProject
Global
	GlobalSection(SolutionConfigurationPlatforms) = preSolution
		Debug|Any CPU = Debug|Any CPU
		Release|Any CPU = Release|Any CPU
	EndGlobalSection
	GlobalSection(ProjectConfigurationPlatforms) = postSolution
		{2EA49EB3-0CFD-46FB-8910-F86617F421C5}.Debug|Any CPU.ActiveCfg = Debug|Any CPU
		{2EA49EB3-0CFD-46FB-8910-F86617F421C5}.Debug|Any CPU.Build.0 = Debug|Any CPU
		{2EA49EB3-0CFD-46FB-8910-F86617F421C5}.Release|Any CPU.ActiveCfg = Release|Any CPU
		{2EA49EB3-0CFD-46FB-8910-F86617F421C5}.Release|Any CPU.Build.0 = Release|Any CPU
	EndGlobalSection
	GlobalSection(SolutionProperties) = preSolution
		HideSolutionNode = FALSE
	EndGlobalSection
	GlobalSection(ExtensibilityGlobals) = postSolution
		SolutionGuid = {87CF432F-35C7-4924-8CDE-577DEC0B09ED}
	EndGlobalSection
EndGlobal
